
Microsoft Visual Studio Solution File, Format Version 12.00
# Visual Studio 15
VisualStudioVersion = 15.0.28307.1000
MinimumVisualStudioVersion = 10.0.40219.1
Project("{FAE04EC0-301F-11D3-BF4B-00C04F79EFBC}") = "NguyenVanChinh_Lab456", "NguyenVanChinh_Lab456\NguyenVanChinh_Lab456.csproj", "{F08B6C46-2EB2-4FE8-BC33-329C971F4689}"
EndProject
Global
	GlobalSection(SolutionConfigurationPlatforms) = preSolution
		Debug|Any CPU = Debug|Any CPU
		Release|Any CPU = Release|Any CPU
	EndGlobalSection
	GlobalSection(ProjectConfigurationPlatforms) = postSolution
		{F08B6C46-2EB2-4FE8-BC33-329C971F4689}.Debug|Any CPU.ActiveCfg = Debug|Any CPU
		{F08B6C46-2EB2-4FE8-BC33-329C971F4689}.Debug|Any CPU.Build.0 = Debug|Any CPU
		{F08B6C46-2EB2-4FE8-BC33-329C971F4689}.Release|Any CPU.ActiveCfg = Release|Any CPU
		{F08B6C46-2EB2-4FE8-BC33-329C971F4689}.Release|Any CPU.Build.0 = Release|Any CPU
	EndGlobalSection
	GlobalSection(SolutionProperties) = preSolution
		HideSolutionNode = FALSE
	EndGlobalSection
	GlobalSection(ExtensibilityGlobals) = postSolution
		SolutionGuid = {F674B5A0-AA24-4DEE-B2BF-E1D2E021C7B6}
	EndGlobalSection
EndGlobal
